// !$*UTF8*$!
{
	archiveVersion = 1;
	classes = {
	};
	objectVersion = 46;
	objects = {

/* Begin PBXBuildFile section */
		18C70C3A1DE573EA007D94F0 /* KeychainItemWrapper.m in Sources */ = {isa = PBXBuildFile; fileRef = 18C70C391DE573EA007D94F0 /* KeychainItemWrapper.m */; };
		18C70C3D1DE57402007D94F0 /* DetectFingerPrintViewController.m in Sources */ = {isa = PBXBuildFile; fileRef = 18C70C3C1DE57402007D94F0 /* DetectFingerPrintViewController.m */; };
		18C70C401DE5741E007D94F0 /* AppDelegate.m in Sources */ = {isa = PBXBuildFile; fileRef = 18C70C3F1DE5741E007D94F0 /* AppDelegate.m */; };
		18C70C471DE5742A007D94F0 /* APIRequestManager.m in Sources */ = {isa = PBXBuildFile; fileRef = 18C70C421DE5742A007D94F0 /* APIRequestManager.m */; };
		18C70C481DE5742A007D94F0 /* ReachabilityNetwork.m in Sources */ = {isa = PBXBuildFile; fileRef = 18C70C441DE5742A007D94F0 /* ReachabilityNetwork.m */; };
		18C70C491DE5742A007D94F0 /* STHTTPRequest.m in Sources */ = {isa = PBXBuildFile; fileRef = 18C70C461DE5742A007D94F0 /* STHTTPRequest.m */; };
		92A5940B1D57C60B00B275B9 /* main.m in Sources */ = {isa = PBXBuildFile; fileRef = 92A5940A1D57C60B00B275B9 /* main.m */; };
		92A594141D57C60B00B275B9 /* Main.storyboard in Resources */ = {isa = PBXBuildFile; fileRef = 92A594121D57C60B00B275B9 /* Main.storyboard */; };
		92A594161D57C60B00B275B9 /* Assets.xcassets in Resources */ = {isa = PBXBuildFile; fileRef = 92A594151D57C60B00B275B9 /* Assets.xcassets */; };
		92A594191D57C60B00B275B9 /* LaunchScreen.storyboard in Resources */ = {isa = PBXBuildFile; fileRef = 92A594171D57C60B00B275B9 /* LaunchScreen.storyboard */; };
		92A594211D57DE9A00B275B9 /* Security.framework in Frameworks */ = {isa = PBXBuildFile; fileRef = 92A594201D57DE9A00B275B9 /* Security.framework */; };
/* End PBXBuildFile section */

/* Begin PBXFileReference section */
		18C70C381DE573EA007D94F0 /* KeychainItemWrapper.h */ = {isa = PBXFileReference; fileEncoding = 4; lastKnownFileType = sourcecode.c.h; name = KeychainItemWrapper.h; path = Helpers/KeychainItemWrapper.h; sourceTree = "<group>"; };
		18C70C391DE573EA007D94F0 /* KeychainItemWrapper.m */ = {isa = PBXFileReference; fileEncoding = 4; lastKnownFileType = sourcecode.c.objc; name = KeychainItemWrapper.m; path = Helpers/KeychainItemWrapper.m; sourceTree = "<group>"; };
		18C70C3B1DE57402007D94F0 /* DetectFingerPrintViewController.h */ = {isa = PBXFileReference; fileEncoding = 4; lastKnownFileType = sourcecode.c.h; name = DetectFingerPrintViewController.h; path = "View Controllers/DetectFingerPrintViewController.h"; sourceTree = "<group>"; };
		18C70C3C1DE57402007D94F0 /* DetectFingerPrintViewController.m */ = {isa = PBXFileReference; fileEncoding = 4; lastKnownFileType = sourcecode.c.objc; name = DetectFingerPrintViewController.m; path = "View Controllers/DetectFingerPrintViewController.m"; sourceTree = "<group>"; };
		18C70C3E1DE5741E007D94F0 /* AppDelegate.h */ = {isa = PBXFileReference; fileEncoding = 4; lastKnownFileType = sourcecode.c.h; name = AppDelegate.h; path = Singletons/AppDelegate.h; sourceTree = "<group>"; };
		18C70C3F1DE5741E007D94F0 /* AppDelegate.m */ = {isa = PBXFileReference; fileEncoding = 4; lastKnownFileType = sourcecode.c.objc; name = AppDelegate.m; path = Singletons/AppDelegate.m; sourceTree = "<group>"; };
		18C70C411DE5742A007D94F0 /* APIRequestManager.h */ = {isa = PBXFileReference; fileEncoding = 4; lastKnownFileType = sourcecode.c.h; name = APIRequestManager.h; path = "Server Calls/APIRequestManager.h"; sourceTree = "<group>"; };
		18C70C421DE5742A007D94F0 /* APIRequestManager.m */ = {isa = PBXFileReference; fileEncoding = 4; lastKnownFileType = sourcecode.c.objc; name = APIRequestManager.m; path = "Server Calls/APIRequestManager.m"; sourceTree = "<group>"; };
		18C70C431DE5742A007D94F0 /* ReachabilityNetwork.h */ = {isa = PBXFileReference; fileEncoding = 4; lastKnownFileType = sourcecode.c.h; name = ReachabilityNetwork.h; path = "Server Calls/ReachabilityNetwork.h"; sourceTree = "<group>"; };
		18C70C441DE5742A007D94F0 /* ReachabilityNetwork.m */ = {isa = PBXFileReference; fileEncoding = 4; lastKnownFileType = sourcecode.c.objc; name = ReachabilityNetwork.m; path = "Server Calls/ReachabilityNetwork.m"; sourceTree = "<group>"; };
		18C70C451DE5742A007D94F0 /* STHTTPRequest.h */ = {isa = PBXFileReference; fileEncoding = 4; lastKnownFileType = sourcecode.c.h; name = STHTTPRequest.h; path = "Server Calls/STHTTPRequest.h"; sourceTree = "<group>"; };
		18C70C461DE5742A007D94F0 /* STHTTPRequest.m */ = {isa = PBXFileReference; fileEncoding = 4; lastKnownFileType = sourcecode.c.objc; name = STHTTPRequest.m; path = "Server Calls/STHTTPRequest.m"; sourceTree = "<group>"; };
		92A594061D57C60B00B275B9 /* FingerprintDetection.app */ = {isa = PBXFileReference; explicitFileType = wrapper.application; includeInIndex = 0; path = FingerprintDetection.app; sourceTree = BUILT_PRODUCTS_DIR; };
		92A5940A1D57C60B00B275B9 /* main.m */ = {isa = PBXFileReference; lastKnownFileType = sourcecode.c.objc; path = main.m; sourceTree = "<group>"; };
		92A594131D57C60B00B275B9 /* Base */ = {isa = PBXFileReference; lastKnownFileType = file.storyboard; name = Base; path = Base.lproj/Main.storyboard; sourceTree = "<group>"; };
		92A594151D57C60B00B275B9 /* Assets.xcassets */ = {isa = PBXFileReference; lastKnownFileType = folder.assetcatalog; path = Assets.xcassets; sourceTree = "<group>"; };
		92A594181D57C60B00B275B9 /* Base */ = {isa = PBXFileReference; lastKnownFileType = file.storyboard; name = Base; path = Base.lproj/LaunchScreen.storyboard; sourceTree = "<group>"; };
		92A5941A1D57C60B00B275B9 /* Info.plist */ = {isa = PBXFileReference; lastKnownFileType = text.plist.xml; path = Info.plist; sourceTree = "<group>"; };
		92A594201D57DE9A00B275B9 /* Security.framework */ = {isa = PBXFileReference; lastKnownFileType = wrapper.framework; name = Security.framework; path = System/Library/Frameworks/Security.framework; sourceTree = SDKROOT; };
/* End PBXFileReference section */

/* Begin PBXFrameworksBuildPhase section */
		92A594031D57C60B00B275B9 /* Frameworks */ = {
			isa = PBXFrameworksBuildPhase;
			buildActionMask = 2147483647;
			files = (
				92A594211D57DE9A00B275B9 /* Security.framework in Frameworks */,
			);
			runOnlyForDeploymentPostprocessing = 0;
		};
/* End PBXFrameworksBuildPhase section */

/* Begin PBXGroup section */
		18C70C351DE57355007D94F0 /* Singletons */ = {
			isa = PBXGroup;
			children = (
				18C70C3E1DE5741E007D94F0 /* AppDelegate.h */,
				18C70C3F1DE5741E007D94F0 /* AppDelegate.m */,
			);
			name = Singletons;
			sourceTree = "<group>";
		};
		18C70C361DE57362007D94F0 /* View Controllers */ = {
			isa = PBXGroup;
			children = (
				18C70C3B1DE57402007D94F0 /* DetectFingerPrintViewController.h */,
				18C70C3C1DE57402007D94F0 /* DetectFingerPrintViewController.m */,
			);
			name = "View Controllers";
			sourceTree = "<group>";
		};
		18C70C371DE57375007D94F0 /* Helpers */ = {
			isa = PBXGroup;
			children = (
				18C70C381DE573EA007D94F0 /* KeychainItemWrapper.h */,
				18C70C391DE573EA007D94F0 /* KeychainItemWrapper.m */,
			);
			name = Helpers;
			sourceTree = "<group>";
		};
		92A593FD1D57C60B00B275B9 = {
			isa = PBXGroup;
			children = (
				92A594081D57C60B00B275B9 /* FingerprintDetection */,
				92A594201D57DE9A00B275B9 /* Security.framework */,
				92A594071D57C60B00B275B9 /* Products */,
			);
			sourceTree = "<group>";
		};
		92A594071D57C60B00B275B9 /* Products */ = {
			isa = PBXGroup;
			children = (
				92A594061D57C60B00B275B9 /* FingerprintDetection.app */,
			);
			name = Products;
			sourceTree = "<group>";
		};
		92A594081D57C60B00B275B9 /* FingerprintDetection */ = {
			isa = PBXGroup;
			children = (
				18C70C371DE57375007D94F0 /* Helpers */,
				18C70C361DE57362007D94F0 /* View Controllers */,
				18C70C351DE57355007D94F0 /* Singletons */,
				92A594271D57E1FD00B275B9 /* Server Calls */,
				92A594121D57C60B00B275B9 /* Main.storyboard */,
				92A594151D57C60B00B275B9 /* Assets.xcassets */,
				92A594171D57C60B00B275B9 /* LaunchScreen.storyboard */,
				92A5941A1D57C60B00B275B9 /* Info.plist */,
				92A594091D57C60B00B275B9 /* Supporting Files */,
			);
			path = FingerprintDetection;
			sourceTree = "<group>";
		};
		92A594091D57C60B00B275B9 /* Supporting Files */ = {
			isa = PBXGroup;
			children = (
				92A5940A1D57C60B00B275B9 /* main.m */,
			);
			name = "Supporting Files";
			sourceTree = "<group>";
		};
		92A594271D57E1FD00B275B9 /* Server Calls */ = {
			isa = PBXGroup;
			children = (
				18C70C411DE5742A007D94F0 /* APIRequestManager.h */,
				18C70C421DE5742A007D94F0 /* APIRequestManager.m */,
				18C70C431DE5742A007D94F0 /* ReachabilityNetwork.h */,
				18C70C441DE5742A007D94F0 /* ReachabilityNetwork.m */,
				18C70C451DE5742A007D94F0 /* STHTTPRequest.h */,
				18C70C461DE5742A007D94F0 /* STHTTPRequest.m */,
			);
			name = "Server Calls";
			sourceTree = "<group>";
		};
/* End PBXGroup section */

/* Begin PBXNativeTarget section */
		92A594051D57C60B00B275B9 /* FingerprintDetection */ = {
			isa = PBXNativeTarget;
			buildConfigurationList = 92A5941D1D57C60B00B275B9 /* Build configuration list for PBXNativeTarget "FingerprintDetection" */;
			buildPhases = (
				92A594021D57C60B00B275B9 /* Sources */,
				92A594031D57C60B00B275B9 /* Frameworks */,
				92A594041D57C60B00B275B9 /* Resources */,
			);
			buildRules = (
			);
			dependencies = (
			);
			name = FingerprintDetection;
			productName = FingerprintDetection;
			productReference = 92A594061D57C60B00B275B9 /* FingerprintDetection.app */;
			productType = "com.apple.product-type.application";
		};
/* End PBXNativeTarget section */

/* Begin PBXProject section */
		92A593FE1D57C60B00B275B9 /* Project object */ = {
			isa = PBXProject;
			attributes = {
				LastUpgradeCheck = 0730;
				ORGANIZATIONNAME = Ducere;
				TargetAttributes = {
					92A594051D57C60B00B275B9 = {
						CreatedOnToolsVersion = 7.3.1;
						DevelopmentTeam = E96RRRE4RK;
					};
				};
			};
			buildConfigurationList = 92A594011D57C60B00B275B9 /* Build configuration list for PBXProject "FingerprintDetection" */;
			compatibilityVersion = "Xcode 3.2";
			developmentRegion = English;
			hasScannedForEncodings = 0;
			knownRegions = (
				en,
				Base,
			);
			mainGroup = 92A593FD1D57C60B00B275B9;
			productRefGroup = 92A594071D57C60B00B275B9 /* Products */;
			projectDirPath = "";
			projectRoot = "";
			targets = (
				92A594051D57C60B00B275B9 /* FingerprintDetection */,
			);
		};
/* End PBXProject section */

/* Begin PBXResourcesBuildPhase section */
		92A594041D57C60B00B275B9 /* Resources */ = {
			isa = PBXResourcesBuildPhase;
			buildActionMask = 2147483647;
			files = (
				92A594191D57C60B00B275B9 /* LaunchScreen.storyboard in Resources */,
				92A594161D57C60B00B275B9 /* Assets.xcassets in Resources */,
				92A594141D57C60B00B275B9 /* Main.storyboard in Resources */,
			);
			runOnlyForDeploymentPostprocessing = 0;
		};
/* End PBXResourcesBuildPhase section */

/* Begin PBXSourcesBuildPhase section */
		92A594021D57C60B00B275B9 /* Sources */ = {
			isa = PBXSourcesBuildPhase;
			buildActionMask = 2147483647;
			files = (
				18C70C3A1DE573EA007D94F0 /* KeychainItemWrapper.m in Sources */,
				18C70C471DE5742A007D94F0 /* APIRequestManager.m in Sources */,
				18C70C481DE5742A007D94F0 /* ReachabilityNetwork.m in Sources */,
				18C70C401DE5741E007D94F0 /* AppDelegate.m in Sources */,
				18C70C3D1DE57402007D94F0 /* DetectFingerPrintViewController.m in Sources */,
				18C70C491DE5742A007D94F0 /* STHTTPRequest.m in Sources */,
				92A5940B1D57C60B00B275B9 /* main.m in Sources */,
			);
			runOnlyForDeploymentPostprocessing = 0;
		};
/* End PBXSourcesBuildPhase section */

/* Begin PBXVariantGroup section */
		92A594121D57C60B00B275B9 /* Main.storyboard */ = {
			isa = PBXVariantGroup;
			children = (
				92A594131D57C60B00B275B9 /* Base */,
			);
			name = Main.storyboard;
			sourceTree = "<group>";
		};
		92A594171D57C60B00B275B9 /* LaunchScreen.storyboard */ = {
			isa = PBXVariantGroup;
			children = (
				92A594181D57C60B00B275B9 /* Base */,
			);
			name = LaunchScreen.storyboard;
			sourceTree = "<group>";
		};
/* End PBXVariantGroup section */

/* Begin XCBuildConfiguration section */
		92A5941B1D57C60B00B275B9 /* Debug */ = {
			isa = XCBuildConfiguration;
			buildSettings = {
				ALWAYS_SEARCH_USER_PATHS = NO;
				CLANG_ANALYZER_NONNULL = YES;
				CLANG_CXX_LANGUAGE_STANDARD = "gnu++0x";
				CLANG_CXX_LIBRARY = "libc++";
				CLANG_ENABLE_MODULES = YES;
				CLANG_ENABLE_OBJC_ARC = YES;
				CLANG_WARN_BOOL_CONVERSION = YES;
				CLANG_WARN_CONSTANT_CONVERSION = YES;
				CLANG_WARN_DIRECT_OBJC_ISA_USAGE = YES_ERROR;
				CLANG_WARN_EMPTY_BODY = YES;
				CLANG_WARN_ENUM_CONVERSION = YES;
				CLANG_WARN_INT_CONVERSION = YES;
				CLANG_WARN_OBJC_ROOT_CLASS = YES_ERROR;
				CLANG_WARN_UNREACHABLE_CODE = YES;
				CLANG_WARN__DUPLICATE_METHOD_MATCH = YES;
				"CODE_SIGN_IDENTITY[sdk=iphoneos*]" = "iPhone Developer";
				COPY_PHASE_STRIP = NO;
				DEBUG_INFORMATION_FORMAT = dwarf;
				ENABLE_STRICT_OBJC_MSGSEND = YES;
				ENABLE_TESTABILITY = YES;
				GCC_C_LANGUAGE_STANDARD = gnu99;
				GCC_DYNAMIC_NO_PIC = NO;
				GCC_NO_COMMON_BLOCKS = YES;
				GCC_OPTIMIZATION_LEVEL = 0;
				GCC_PREPROCESSOR_DEFINITIONS = (
					"DEBUG=1",
					"$(inherited)",
				);
				GCC_WARN_64_TO_32_BIT_CONVERSION = YES;
				GCC_WARN_ABOUT_RETURN_TYPE = YES_ERROR;
				GCC_WARN_UNDECLARED_SELECTOR = YES;
				GCC_WARN_UNINITIALIZED_AUTOS = YES_AGGRESSIVE;
				GCC_WARN_UNUSED_FUNCTION = YES;
				GCC_WARN_UNUSED_VARIABLE = YES;
				IPHONEOS_DEPLOYMENT_TARGET = 9.3;
				MTL_ENABLE_DEBUG_INFO = YES;
				ONLY_ACTIVE_ARCH = YES;
				SDKROOT = iphoneos;
			};
			name = Debug;
		};
		92A5941C1D57C60B00B275B9 /* Release */ = {
			isa = XCBuildConfiguration;
			buildSettings = {
				ALWAYS_SEARCH_USER_PATHS = NO;
				CLANG_ANALYZER_NONNULL = YES;
				CLANG_CXX_LANGUAGE_STANDARD = "gnu++0x";
				CLANG_CXX_LIBRARY = "libc++";
				CLANG_ENABLE_MODULES = YES;
				CLANG_ENABLE_OBJC_ARC = YES;
				CLANG_WARN_BOOL_CONVERSION = YES;
				CLANG_WARN_CONSTANT_CONVERSION = YES;
				CLANG_WARN_DIRECT_OBJC_ISA_USAGE = YES_ERROR;
				CLANG_WARN_EMPTY_BODY = YES;
				CLANG_WARN_ENUM_CONVERSION = YES;
				CLANG_WARN_INT_CONVERSION = YES;
				CLANG_WARN_OBJC_ROOT_CLASS = YES_ERROR;
				CLANG_WARN_UNREACHABLE_CODE = YES;
				CLANG_WARN__DUPLICATE_METHOD_MATCH = YES;
				"CODE_SIGN_IDENTITY[sdk=iphoneos*]" = "iPhone Developer";
				COPY_PHASE_STRIP = NO;
				DEBUG_INFORMATION_FORMAT = "dwarf-with-dsym";
				ENABLE_NS_ASSERTIONS = NO;
				ENABLE_STRICT_OBJC_MSGSEND = YES;
				GCC_C_LANGUAGE_STANDARD = gnu99;
				GCC_NO_COMMON_BLOCKS = YES;
				GCC_WARN_64_TO_32_BIT_CONVERSION = YES;
				GCC_WARN_ABOUT_RETURN_TYPE = YES_ERROR;
				GCC_WARN_UNDECLARED_SELECTOR = YES;
				GCC_WARN_UNINITIALIZED_AUTOS = YES_AGGRESSIVE;
				GCC_WARN_UNUSED_FUNCTION = YES;
				GCC_WARN_UNUSED_VARIABLE = YES;
				IPHONEOS_DEPLOYMENT_TARGET = 9.3;
				MTL_ENABLE_DEBUG_INFO = NO;
				SDKROOT = iphoneos;
				VALIDATE_PRODUCT = YES;
			};
			name = Release;
		};
		92A5941E1D57C60B00B275B9 /* Debug */ = {
			isa = XCBuildConfiguration;
			buildSettings = {
				ASSETCATALOG_COMPILER_APPICON_NAME = AppIcon;
				CODE_SIGN_IDENTITY = "iPhone Developer";
				"CODE_SIGN_IDENTITY[sdk=iphoneos*]" = "iPhone Developer";
				INFOPLIST_FILE = FingerprintDetection/Info.plist;
				LD_RUNPATH_SEARCH_PATHS = "$(inherited) @executable_path/Frameworks";
				PRODUCT_BUNDLE_IDENTIFIER = com.fingerprint.statuscheck14;
				PRODUCT_NAME = "$(TARGET_NAME)";
				PROVISIONING_PROFILE = "";
			};
			name = Debug;
		};
		92A5941F1D57C60B00B275B9 /* Release */ = {
			isa = XCBuildConfiguration;
			buildSettings = {
				ASSETCATALOG_COMPILER_APPICON_NAME = AppIcon;
				CODE_SIGN_IDENTITY = "iPhone Developer";
				"CODE_SIGN_IDENTITY[sdk=iphoneos*]" = "iPhone Developer";
				INFOPLIST_FILE = FingerprintDetection/Info.plist;
				LD_RUNPATH_SEARCH_PATHS = "$(inherited) @executable_path/Frameworks";
				PRODUCT_BUNDLE_IDENTIFIER = com.fingerprint.statuscheck14;
				PRODUCT_NAME = "$(TARGET_NAME)";
				PROVISIONING_PROFILE = "";
			};
			name = Release;
		};
/* End XCBuildConfiguration section */

/* Begin XCConfigurationList section */
		92A594011D57C60B00B275B9 /* Build configuration list for PBXProject "FingerprintDetection" */ = {
			isa = XCConfigurationList;
			buildConfigurations = (
				92A5941B1D57C60B00B275B9 /* Debug */,
				92A5941C1D57C60B00B275B9 /* Release */,
			);
			defaultConfigurationIsVisible = 0;
			defaultConfigurationName = Release;
		};
		92A5941D1D57C60B00B275B9 /* Build configuration list for PBXNativeTarget "FingerprintDetection" */ = {
			isa = XCConfigurationList;
			buildConfigurations = (
				92A5941E1D57C60B00B275B9 /* Debug */,
				92A5941F1D57C60B00B275B9 /* Release */,
			);
			defaultConfigurationIsVisible = 0;
			defaultConfigurationName = Release;
		};
/* End XCConfigurationList section */
	};
	rootObject = 92A593FE1D57C60B00B275B9 /* Project object */;
}
